// !$*UTF8*$!
{
	archiveVersion = 1;
	classes = {
	};
	objectVersion = 46;
	objects = {

/* Begin PBXBuildFile section */
		5C4515571D7E035600D093EB /* Metal.framework in Frameworks */ = {isa = PBXBuildFile; fileRef = 5C4515561D7E035600D093EB /* Metal.framework */; };
		5C4515591D7E035D00D093EB /* MetalKit.framework in Frameworks */ = {isa = PBXBuildFile; fileRef = 5C4515581D7E035D00D093EB /* MetalKit.framework */; };
		5C45155B1D7E039F00D093EB /* QuartzCore.framework in Frameworks */ = {isa = PBXBuildFile; fileRef = 5C45155A1D7E039F00D093EB /* QuartzCore.framework */; };
		5CCB9D0D1E09DAED009FD413 /* DemoSceneLoader.cpp in Sources */ = {isa = PBXBuildFile; fileRef = 5CCB9D081E09DAED009FD413 /* DemoSceneLoader.cpp */; };
		5CCB9D0E1E09DAED009FD413 /* main.cpp in Sources */ = {isa = PBXBuildFile; fileRef = 5CCB9D0A1E09DAED009FD413 /* main.cpp */; };
		5CCB9D0F1E09DAED009FD413 /* MainController.cpp in Sources */ = {isa = PBXBuildFile; fileRef = 5CCB9D0B1E09DAED009FD413 /* MainController.cpp */; };
		5CCB9D141E09DB8D009FD413 /* libz.tbd in Frameworks */ = {isa = PBXBuildFile; fileRef = 5CCB9D131E09DB8D009FD413 /* libz.tbd */; };
		5CCB9D171E09DBA8009FD413 /* libet-static-mac.a in Frameworks */ = {isa = PBXBuildFile; fileRef = 5CCB9D161E09DBA8009FD413 /* libet-static-mac.a */; };
		5CCB9D1D1E09DC7E009FD413 /* media in Resources */ = {isa = PBXBuildFile; fileRef = 5CCB9D1C1E09DC7E009FD413 /* media */; };
		5CCB9D1F1E09DD5F009FD413 /* engine_data in Resources */ = {isa = PBXBuildFile; fileRef = 5CCB9D1E1E09DD5F009FD413 /* engine_data */; };
		A57B42901A58DAB400C896E1 /* OpenAL.framework in Frameworks */ = {isa = PBXBuildFile; fileRef = A57B428F1A58DAB400C896E1 /* OpenAL.framework */; };
		A57B42921A58DAB800C896E1 /* StoreKit.framework in Frameworks */ = {isa = PBXBuildFile; fileRef = A57B42911A58DAB800C896E1 /* StoreKit.framework */; };
		A5D8EC371A3CDF5600E3620B /* OpenGL.framework in Frameworks */ = {isa = PBXBuildFile; fileRef = A5D8EC361A3CDF5600E3620B /* OpenGL.framework */; };
		A5D8EC391A3CDF5900E3620B /* CoreVideo.framework in Frameworks */ = {isa = PBXBuildFile; fileRef = A5D8EC381A3CDF5900E3620B /* CoreVideo.framework */; };
		A5D8EC3B1A3CDF5C00E3620B /* CoreGraphics.framework in Frameworks */ = {isa = PBXBuildFile; fileRef = A5D8EC3A1A3CDF5C00E3620B /* CoreGraphics.framework */; };
		A5D8EC3D1A3CDF5F00E3620B /* AppKit.framework in Frameworks */ = {isa = PBXBuildFile; fileRef = A5D8EC3C1A3CDF5E00E3620B /* AppKit.framework */; };
/* End PBXBuildFile section */

/* Begin PBXCopyFilesBuildPhase section */
		A57B42931A58DD9D00C896E1 /* CopyFiles */ = {
			isa = PBXCopyFilesBuildPhase;
			buildActionMask = 2147483647;
			dstPath = "";
			dstSubfolderSpec = 6;
			files = (
			);
			runOnlyForDeploymentPostprocessing = 0;
		};
/* End PBXCopyFilesBuildPhase section */

/* Begin PBXFileReference section */
		5C4515561D7E035600D093EB /* Metal.framework */ = {isa = PBXFileReference; lastKnownFileType = wrapper.framework; name = Metal.framework; path = System/Library/Frameworks/Metal.framework; sourceTree = SDKROOT; };
		5C4515581D7E035D00D093EB /* MetalKit.framework */ = {isa = PBXFileReference; lastKnownFileType = wrapper.framework; name = MetalKit.framework; path = System/Library/Frameworks/MetalKit.framework; sourceTree = SDKROOT; };
		5C45155A1D7E039F00D093EB /* QuartzCore.framework */ = {isa = PBXFileReference; lastKnownFileType = wrapper.framework; name = QuartzCore.framework; path = System/Library/Frameworks/QuartzCore.framework; sourceTree = SDKROOT; };
		5CCB9D081E09DAED009FD413 /* DemoSceneLoader.cpp */ = {isa = PBXFileReference; fileEncoding = 4; lastKnownFileType = sourcecode.cpp.cpp; path = DemoSceneLoader.cpp; sourceTree = "<group>"; };
		5CCB9D091E09DAED009FD413 /* DemoSceneLoader.h */ = {isa = PBXFileReference; fileEncoding = 4; lastKnownFileType = sourcecode.c.h; path = DemoSceneLoader.h; sourceTree = "<group>"; };
		5CCB9D0A1E09DAED009FD413 /* main.cpp */ = {isa = PBXFileReference; fileEncoding = 4; lastKnownFileType = sourcecode.cpp.cpp; path = main.cpp; sourceTree = "<group>"; };
		5CCB9D0B1E09DAED009FD413 /* MainController.cpp */ = {isa = PBXFileReference; fileEncoding = 4; lastKnownFileType = sourcecode.cpp.cpp; path = MainController.cpp; sourceTree = "<group>"; };
		5CCB9D0C1E09DAED009FD413 /* MainController.h */ = {isa = PBXFileReference; fileEncoding = 4; lastKnownFileType = sourcecode.c.h; path = MainController.h; sourceTree = "<group>"; };
		5CCB9D131E09DB8D009FD413 /* libz.tbd */ = {isa = PBXFileReference; lastKnownFileType = "sourcecode.text-based-dylib-definition"; name = libz.tbd; path = usr/lib/libz.tbd; sourceTree = SDKROOT; };
		5CCB9D161E09DBA8009FD413 /* libet-static-mac.a */ = {isa = PBXFileReference; lastKnownFileType = archive.ar; name = "libet-static-mac.a"; path = "../../../_DerivedData/et-demo-fyswrpxpaanexjaaapqmxwjvxsfi/Build/Products/Debug/libet-static-mac.a"; sourceTree = "<group>"; };
		5CCB9D181E09DBBF009FD413 /* Info.plist */ = {isa = PBXFileReference; lastKnownFileType = text.plist.xml; path = Info.plist; sourceTree = "<group>"; };
		5CCB9D1C1E09DC7E009FD413 /* media */ = {isa = PBXFileReference; lastKnownFileType = folder; name = media; path = ../../bin/media; sourceTree = "<group>"; };
		5CCB9D1E1E09DD5F009FD413 /* engine_data */ = {isa = PBXFileReference; lastKnownFileType = folder; name = engine_data; path = ../../external/et/engine_data; sourceTree = "<group>"; };
		A57B428F1A58DAB400C896E1 /* OpenAL.framework */ = {isa = PBXFileReference; lastKnownFileType = wrapper.framework; name = OpenAL.framework; path = System/Library/Frameworks/OpenAL.framework; sourceTree = SDKROOT; };
		A57B42911A58DAB800C896E1 /* StoreKit.framework */ = {isa = PBXFileReference; lastKnownFileType = wrapper.framework; name = StoreKit.framework; path = System/Library/Frameworks/StoreKit.framework; sourceTree = SDKROOT; };
		A5D8EA931A3CD5A600E3620B /* scene-rendering.app */ = {isa = PBXFileReference; explicitFileType = wrapper.application; includeInIndex = 0; path = "scene-rendering.app"; sourceTree = BUILT_PRODUCTS_DIR; };
		A5D8EC361A3CDF5600E3620B /* OpenGL.framework */ = {isa = PBXFileReference; lastKnownFileType = wrapper.framework; name = OpenGL.framework; path = System/Library/Frameworks/OpenGL.framework; sourceTree = SDKROOT; };
		A5D8EC381A3CDF5900E3620B /* CoreVideo.framework */ = {isa = PBXFileReference; lastKnownFileType = wrapper.framework; name = CoreVideo.framework; path = System/Library/Frameworks/CoreVideo.framework; sourceTree = SDKROOT; };
		A5D8EC3A1A3CDF5C00E3620B /* CoreGraphics.framework */ = {isa = PBXFileReference; lastKnownFileType = wrapper.framework; name = CoreGraphics.framework; path = System/Library/Frameworks/CoreGraphics.framework; sourceTree = SDKROOT; };
		A5D8EC3C1A3CDF5E00E3620B /* AppKit.framework */ = {isa = PBXFileReference; lastKnownFileType = wrapper.framework; name = AppKit.framework; path = System/Library/Frameworks/AppKit.framework; sourceTree = SDKROOT; };
/* End PBXFileReference section */

/* Begin PBXFrameworksBuildPhase section */
		A5D8EA901A3CD5A600E3620B /* Frameworks */ = {
			isa = PBXFrameworksBuildPhase;
			buildActionMask = 2147483647;
			files = (
				5CCB9D171E09DBA8009FD413 /* libet-static-mac.a in Frameworks */,
				5CCB9D141E09DB8D009FD413 /* libz.tbd in Frameworks */,
				5C45155B1D7E039F00D093EB /* QuartzCore.framework in Frameworks */,
				A57B42921A58DAB800C896E1 /* StoreKit.framework in Frameworks */,
				A57B42901A58DAB400C896E1 /* OpenAL.framework in Frameworks */,
				A5D8EC3D1A3CDF5F00E3620B /* AppKit.framework in Frameworks */,
				A5D8EC3B1A3CDF5C00E3620B /* CoreGraphics.framework in Frameworks */,
				A5D8EC391A3CDF5900E3620B /* CoreVideo.framework in Frameworks */,
				A5D8EC371A3CDF5600E3620B /* OpenGL.framework in Frameworks */,
				5C4515591D7E035D00D093EB /* MetalKit.framework in Frameworks */,
				5C4515571D7E035600D093EB /* Metal.framework in Frameworks */,
			);
			runOnlyForDeploymentPostprocessing = 0;
		};
/* End PBXFrameworksBuildPhase section */

/* Begin PBXGroup section */
		5CCB9D071E09DAED009FD413 /* source */ = {
			isa = PBXGroup;
			children = (
				5CCB9D081E09DAED009FD413 /* DemoSceneLoader.cpp */,
				5CCB9D091E09DAED009FD413 /* DemoSceneLoader.h */,
				5CCB9D0A1E09DAED009FD413 /* main.cpp */,
				5CCB9D0B1E09DAED009FD413 /* MainController.cpp */,
				5CCB9D0C1E09DAED009FD413 /* MainController.h */,
			);
			path = source;
			sourceTree = "<group>";
		};
		5CCB9D151E09DBA8009FD413 /* Supporting Files */ = {
			isa = PBXGroup;
			children = (
				5CCB9D181E09DBBF009FD413 /* Info.plist */,
				5CCB9D131E09DB8D009FD413 /* libz.tbd */,
				5C45155A1D7E039F00D093EB /* QuartzCore.framework */,
				5C4515581D7E035D00D093EB /* MetalKit.framework */,
				5C4515561D7E035600D093EB /* Metal.framework */,
				A57B42911A58DAB800C896E1 /* StoreKit.framework */,
				A57B428F1A58DAB400C896E1 /* OpenAL.framework */,
				A5D8EC3C1A3CDF5E00E3620B /* AppKit.framework */,
				A5D8EC3A1A3CDF5C00E3620B /* CoreGraphics.framework */,
				A5D8EC381A3CDF5900E3620B /* CoreVideo.framework */,
				A5D8EC361A3CDF5600E3620B /* OpenGL.framework */,
				5CCB9D161E09DBA8009FD413 /* libet-static-mac.a */,
			);
			name = "Supporting Files";
			sourceTree = "<group>";
		};
		A5D8EA8A1A3CD5A600E3620B = {
			isa = PBXGroup;
			children = (
				5CCB9D1E1E09DD5F009FD413 /* engine_data */,
				5CCB9D1C1E09DC7E009FD413 /* media */,
				5CCB9D071E09DAED009FD413 /* source */,
				A5D8EA941A3CD5A600E3620B /* Products */,
				5CCB9D151E09DBA8009FD413 /* Supporting Files */,
			);
			sourceTree = "<group>";
		};
		A5D8EA941A3CD5A600E3620B /* Products */ = {
			isa = PBXGroup;
			children = (
				A5D8EA931A3CD5A600E3620B /* scene-rendering.app */,
			);
			name = Products;
			sourceTree = "<group>";
		};
/* End PBXGroup section */

/* Begin PBXNativeTarget section */
		A5D8EA921A3CD5A600E3620B /* scene-rendering */ = {
			isa = PBXNativeTarget;
			buildConfigurationList = A5D8EAB01A3CD5A600E3620B /* Build configuration list for PBXNativeTarget "scene-rendering" */;
			buildPhases = (
				A5D8EA8F1A3CD5A600E3620B /* Sources */,
				A5D8EA901A3CD5A600E3620B /* Frameworks */,
				A5D8EA911A3CD5A600E3620B /* Resources */,
				A57B42931A58DD9D00C896E1 /* CopyFiles */,
			);
			buildRules = (
			);
			dependencies = (
			);
			name = "scene-rendering";
			productName = SceneRendering;
			productReference = A5D8EA931A3CD5A600E3620B /* scene-rendering.app */;
			productType = "com.apple.product-type.application";
		};
/* End PBXNativeTarget section */

/* Begin PBXProject section */
		A5D8EA8B1A3CD5A600E3620B /* Project object */ = {
			isa = PBXProject;
			attributes = {
				LastUpgradeCheck = 0810;
				ORGANIZATIONNAME = Cheetek;
				TargetAttributes = {
					A5D8EA921A3CD5A600E3620B = {
						CreatedOnToolsVersion = 6.1.1;
					};
				};
			};
			buildConfigurationList = A5D8EA8E1A3CD5A600E3620B /* Build configuration list for PBXProject "scene-rendering" */;
			compatibilityVersion = "Xcode 3.2";
			developmentRegion = English;
			hasScannedForEncodings = 0;
			knownRegions = (
				en,
				Base,
			);
			mainGroup = A5D8EA8A1A3CD5A600E3620B;
			productRefGroup = A5D8EA941A3CD5A600E3620B /* Products */;
			projectDirPath = "";
			projectRoot = "";
			targets = (
				A5D8EA921A3CD5A600E3620B /* scene-rendering */,
			);
		};
/* End PBXProject section */

/* Begin PBXResourcesBuildPhase section */
		A5D8EA911A3CD5A600E3620B /* Resources */ = {
			isa = PBXResourcesBuildPhase;
			buildActionMask = 2147483647;
			files = (
				5CCB9D1F1E09DD5F009FD413 /* engine_data in Resources */,
				5CCB9D1D1E09DC7E009FD413 /* media in Resources */,
			);
			runOnlyForDeploymentPostprocessing = 0;
		};
/* End PBXResourcesBuildPhase section */

/* Begin PBXSourcesBuildPhase section */
		A5D8EA8F1A3CD5A600E3620B /* Sources */ = {
			isa = PBXSourcesBuildPhase;
			buildActionMask = 2147483647;
			files = (
				5CCB9D0E1E09DAED009FD413 /* main.cpp in Sources */,
				5CCB9D0F1E09DAED009FD413 /* MainController.cpp in Sources */,
				5CCB9D0D1E09DAED009FD413 /* DemoSceneLoader.cpp in Sources */,
			);
			runOnlyForDeploymentPostprocessing = 0;
		};
/* End PBXSourcesBuildPhase section */

/* Begin XCBuildConfiguration section */
		A5D8EAAE1A3CD5A600E3620B /* Debug */ = {
			isa = XCBuildConfiguration;
			buildSettings = {
				ALWAYS_SEARCH_USER_PATHS = NO;
				CLANG_CXX_LANGUAGE_STANDARD = "c++14";
				CLANG_CXX_LIBRARY = "libc++";
				CLANG_ENABLE_MODULES = YES;
				CLANG_ENABLE_OBJC_ARC = YES;
				CLANG_WARN_BOOL_CONVERSION = YES;
				CLANG_WARN_CONSTANT_CONVERSION = YES;
				CLANG_WARN_DIRECT_OBJC_ISA_USAGE = YES_ERROR;
				CLANG_WARN_EMPTY_BODY = YES;
				CLANG_WARN_ENUM_CONVERSION = YES;
				CLANG_WARN_INFINITE_RECURSION = YES;
				CLANG_WARN_INT_CONVERSION = YES;
				CLANG_WARN_OBJC_ROOT_CLASS = YES_ERROR;
				CLANG_WARN_SUSPICIOUS_MOVE = YES;
				CLANG_WARN_UNREACHABLE_CODE = YES;
				CLANG_WARN__DUPLICATE_METHOD_MATCH = YES;
				CODE_SIGN_IDENTITY = "-";
				COPY_PHASE_STRIP = NO;
				ENABLE_STRICT_OBJC_MSGSEND = YES;
				ENABLE_TESTABILITY = YES;
				GCC_DYNAMIC_NO_PIC = NO;
				GCC_NO_COMMON_BLOCKS = YES;
				GCC_OPTIMIZATION_LEVEL = 0;
				GCC_PREPROCESSOR_DEFINITIONS = (
					"ET_HAVE_FBX_SDK=1",
					"DEBUG=1",
					"$(inherited)",
				);
				GCC_WARN_64_TO_32_BIT_CONVERSION = YES;
				GCC_WARN_ABOUT_RETURN_TYPE = YES_ERROR;
				GCC_WARN_UNDECLARED_SELECTOR = YES;
				GCC_WARN_UNINITIALIZED_AUTOS = YES_AGGRESSIVE;
				GCC_WARN_UNUSED_FUNCTION = YES;
				GCC_WARN_UNUSED_VARIABLE = YES;
				HEADER_SEARCH_PATHS = "\"$PROJECT_DIR/../../external/et/include\"";
				LIBRARY_SEARCH_PATHS = "\"$PROJECT_DIR/../../external/et/lib/macos\"";
				MACOSX_DEPLOYMENT_TARGET = 10.9;
				MTL_ENABLE_DEBUG_INFO = YES;
				ONLY_ACTIVE_ARCH = YES;
				OTHER_LDFLAGS = (
					"-ljansson",
					"-lpng",
					"-ljpeg",
				);
				SDKROOT = macosx;
				WARNING_CFLAGS = "-Wall";
			};
			name = Debug;
		};
		A5D8EAAF1A3CD5A600E3620B /* Release */ = {
			isa = XCBuildConfiguration;
			buildSettings = {
				ALWAYS_SEARCH_USER_PATHS = NO;
				CLANG_CXX_LANGUAGE_STANDARD = "c++14";
				CLANG_CXX_LIBRARY = "libc++";
				CLANG_ENABLE_MODULES = YES;
				CLANG_ENABLE_OBJC_ARC = YES;
				CLANG_WARN_BOOL_CONVERSION = YES;
				CLANG_WARN_CONSTANT_CONVERSION = YES;
				CLANG_WARN_DIRECT_OBJC_ISA_USAGE = YES_ERROR;
				CLANG_WARN_EMPTY_BODY = YES;
				CLANG_WARN_ENUM_CONVERSION = YES;
				CLANG_WARN_INFINITE_RECURSION = YES;
				CLANG_WARN_INT_CONVERSION = YES;
				CLANG_WARN_OBJC_ROOT_CLASS = YES_ERROR;
				CLANG_WARN_SUSPICIOUS_MOVE = YES;
				CLANG_WARN_UNREACHABLE_CODE = YES;
				CLANG_WARN__DUPLICATE_METHOD_MATCH = YES;
				CODE_SIGN_IDENTITY = "-";
				COPY_PHASE_STRIP = YES;
				DEBUG_INFORMATION_FORMAT = "dwarf-with-dsym";
				ENABLE_NS_ASSERTIONS = NO;
				ENABLE_STRICT_OBJC_MSGSEND = YES;
				GCC_NO_COMMON_BLOCKS = YES;
				GCC_PREPROCESSOR_DEFINITIONS = (
					"ET_HAVE_FBX_SDK=1",
					NDEBUG,
				);
				GCC_WARN_64_TO_32_BIT_CONVERSION = YES;
				GCC_WARN_ABOUT_RETURN_TYPE = YES_ERROR;
				GCC_WARN_UNDECLARED_SELECTOR = YES;
				GCC_WARN_UNINITIALIZED_AUTOS = YES_AGGRESSIVE;
				GCC_WARN_UNUSED_FUNCTION = YES;
				GCC_WARN_UNUSED_VARIABLE = YES;
				HEADER_SEARCH_PATHS = "\"$PROJECT_DIR/../../external/et/include\"";
				LIBRARY_SEARCH_PATHS = "\"$PROJECT_DIR/../../external/et/lib/macos\"";
				MACOSX_DEPLOYMENT_TARGET = 10.9;
				MTL_ENABLE_DEBUG_INFO = NO;
				OTHER_LDFLAGS = (
					"-ljansson",
					"-lpng",
					"-ljpeg",
				);
				SDKROOT = macosx;
				WARNING_CFLAGS = "-Wall";
			};
			name = Release;
		};
		A5D8EAB11A3CD5A600E3620B /* Debug */ = {
			isa = XCBuildConfiguration;
			buildSettings = {
				ASSETCATALOG_COMPILER_APPICON_NAME = AppIcon;
				COMBINE_HIDPI_IMAGES = YES;
				GCC_INLINES_ARE_PRIVATE_EXTERN = NO;
				INFOPLIST_FILE = "$(SRCROOT)/Info.plist";
				LD_RUNPATH_SEARCH_PATHS = "$(inherited) @executable_path/../Frameworks";
				PRODUCT_BUNDLE_IDENTIFIER = com.cheetek.scenerendering;
				PRODUCT_NAME = "$(TARGET_NAME)";
			};
			name = Debug;
		};
		A5D8EAB21A3CD5A600E3620B /* Release */ = {
			isa = XCBuildConfiguration;
			buildSettings = {
				ASSETCATALOG_COMPILER_APPICON_NAME = AppIcon;
				COMBINE_HIDPI_IMAGES = YES;
				GCC_INLINES_ARE_PRIVATE_EXTERN = NO;
				INFOPLIST_FILE = "$(SRCROOT)/Info.plist";
				LD_RUNPATH_SEARCH_PATHS = "$(inherited) @executable_path/../Frameworks";
				PRODUCT_BUNDLE_IDENTIFIER = com.cheetek.scenerendering;
				PRODUCT_NAME = "$(TARGET_NAME)";
			};
			name = Release;
		};
/* End XCBuildConfiguration section */

/* Begin XCConfigurationList section */
		A5D8EA8E1A3CD5A600E3620B /* Build configuration list for PBXProject "scene-rendering" */ = {
			isa = XCConfigurationList;
			buildConfigurations = (
				A5D8EAAE1A3CD5A600E3620B /* Debug */,
				A5D8EAAF1A3CD5A600E3620B /* Release */,
			);
			defaultConfigurationIsVisible = 0;
			defaultConfigurationName = Release;
		};
		A5D8EAB01A3CD5A600E3620B /* Build configuration list for PBXNativeTarget "scene-rendering" */ = {
			isa = XCConfigurationList;
			buildConfigurations = (
				A5D8EAB11A3CD5A600E3620B /* Debug */,
				A5D8EAB21A3CD5A600E3620B /* Release */,
			);
			defaultConfigurationIsVisible = 0;
			defaultConfigurationName = Release;
		};
/* End XCConfigurationList section */
	};
	rootObject = A5D8EA8B1A3CD5A600E3620B /* Project object */;
}
