<?xml version="1.0" encoding="utf-8"?>
<Project ToolsVersion="4.0" xmlns="http://schemas.microsoft.com/developer/msbuild/2003">
  <ItemGroup>
    <Filter Include="Source Files">
      <UniqueIdentifier>{4FC737F1-C7A5-4376-A066-2A32D752A2FF}</UniqueIdentifier>
      <Extensions>cpp;c;cc;cxx;def;odl;idl;hpj;bat;asm;asmx</Extensions>
    </Filter>
    <Filter Include="et-ext">
      <UniqueIdentifier>{5b7bf312-0561-449e-ab69-da329bcd0c40}</UniqueIdentifier>
    </Filter>
    <Filter Include="et-ext\rt">
      <UniqueIdentifier>{d068bb12-2e55-4949-a560-f5a00bd9e93a}</UniqueIdentifier>
    </Filter>
    <Filter Include="media">
      <UniqueIdentifier>{0542f626-3248-4799-ba74-aaeba2c9cc08}</UniqueIdentifier>
    </Filter>
    <Filter Include="media\config">
      <UniqueIdentifier>{8f2efe15-d1a7-46fa-903f-ed060ca5e7df}</UniqueIdentifier>
    </Filter>
    <Filter Include="media\models">
      <UniqueIdentifier>{68f0b7eb-743c-4c9b-9e5d-893b4be45748}</UniqueIdentifier>
    </Filter>
  </ItemGroup>
  <ItemGroup>
    <ClCompile Include="source\main.cpp">
      <Filter>Source Files</Filter>
    </ClCompile>
    <ClCompile Include="source\maincontroller.cpp">
      <Filter>Source Files</Filter>
    </ClCompile>
    <ClCompile Include="..\..\external\et\include\et-ext\rt\rt.pack.cxx">
      <Filter>et-ext\rt</Filter>
    </ClCompile>
  </ItemGroup>
  <ItemGroup>
    <ClInclude Include="source\maincontroller.hpp">
      <Filter>Source Files</Filter>
    </ClInclude>
    <ClInclude Include="..\..\external\et\include\et-ext\rt\bsdf.h">
      <Filter>et-ext\rt</Filter>
    </ClInclude>
    <ClInclude Include="..\..\external\et\include\et-ext\rt\integrator.h">
      <Filter>et-ext\rt</Filter>
    </ClInclude>
    <ClInclude Include="..\..\external\et\include\et-ext\rt\kdtree.h">
      <Filter>et-ext\rt</Filter>
    </ClInclude>
    <ClInclude Include="..\..\external\et\include\et-ext\rt\raytrace.h">
      <Filter>et-ext\rt</Filter>
    </ClInclude>
    <ClInclude Include="..\..\external\et\include\et-ext\rt\raytraceobjects.h">
      <Filter>et-ext\rt</Filter>
    </ClInclude>
    <ClInclude Include="..\..\external\et\include\et-ext\rt\reconstruction.h">
      <Filter>et-ext\rt</Filter>
    </ClInclude>
    <ClInclude Include="..\..\external\et\include\et-ext\rt\sampler.h">
      <Filter>et-ext\rt</Filter>
    </ClInclude>
    <ClInclude Include="..\..\external\et\include\et-ext\rt\bsdf.cpp">
      <Filter>et-ext\rt</Filter>
    </ClInclude>
    <ClInclude Include="..\..\external\et\include\et-ext\rt\integrator.cpp">
      <Filter>et-ext\rt</Filter>
    </ClInclude>
    <ClInclude Include="..\..\external\et\include\et-ext\rt\kdtree.cpp">
      <Filter>et-ext\rt</Filter>
    </ClInclude>
    <ClInclude Include="..\..\external\et\include\et-ext\rt\raytrace.cpp">
      <Filter>et-ext\rt</Filter>
    </ClInclude>
    <ClInclude Include="..\..\external\et\include\et-ext\rt\raytraceobjects.cpp">
      <Filter>et-ext\rt</Filter>
    </ClInclude>
    <ClInclude Include="..\..\external\et\include\et-ext\rt\reconstruction.cpp">
      <Filter>et-ext\rt</Filter>
    </ClInclude>
    <ClInclude Include="..\..\external\et\include\et-ext\rt\sampler.cpp">
      <Filter>et-ext\rt</Filter>
    </ClInclude>
    <ClInclude Include="..\..\external\et\include\et-ext\rt\image.h">
      <Filter>et-ext\rt</Filter>
    </ClInclude>
    <ClInclude Include="..\..\external\et\include\et-ext\rt\image.cpp">
      <Filter>et-ext\rt</Filter>
    </ClInclude>
    <ClInclude Include="..\..\external\et\include\et-ext\rt\emitter.h">
      <Filter>et-ext\rt</Filter>
    </ClInclude>
    <ClInclude Include="..\..\external\et\include\et-ext\rt\emitter.cpp">
      <Filter>et-ext\rt</Filter>
    </ClInclude>
    <ClInclude Include="..\..\external\et\include\et-ext\rt\rtscene.h">
      <Filter>et-ext\rt</Filter>
    </ClInclude>
    <ClInclude Include="..\..\external\et\include\et-ext\rt\rtscene.cpp">
      <Filter>et-ext\rt</Filter>
    </ClInclude>
  </ItemGroup>
  <ItemGroup>
    <None Include="..\..\bin\media\config\config.json">
      <Filter>media\config</Filter>
    </None>
    <None Include="..\..\bin\media\config\cornellbox.json">
      <Filter>media\config</Filter>
    </None>
    <None Include="..\..\bin\media\config\cornellbox-sphere.json">
      <Filter>media\config</Filter>
    </None>
    <None Include="..\..\bin\media\config\cornellbox-water.json">
      <Filter>media\config</Filter>
    </None>
    <None Include="..\..\bin\media\config\cube.json">
      <Filter>media\config</Filter>
    </None>
    <None Include="..\..\bin\media\config\dragon.json">
      <Filter>media\config</Filter>
    </None>
    <None Include="..\..\bin\media\config\dragon_stand.json">
      <Filter>media\config</Filter>
    </None>
    <None Include="..\..\bin\media\config\glass_for_wine.json">
      <Filter>media\config</Filter>
    </None>
    <None Include="..\..\bin\media\config\importance-sampling.json">
      <Filter>media\config</Filter>
    </None>
    <None Include="..\..\bin\media\config\material-test.json">
      <Filter>media\config</Filter>
    </None>
    <None Include="..\..\bin\media\config\material-test-grid.json">
      <Filter>media\config</Filter>
    </None>
    <None Include="..\..\bin\media\config\mitsuba.json">
      <Filter>media\config</Filter>
    </None>
    <None Include="..\..\bin\media\config\shaderart.json">
      <Filter>media\config</Filter>
    </None>
    <None Include="..\..\bin\media\config\sponza.json">
      <Filter>media\config</Filter>
    </None>
    <None Include="..\..\bin\media\config\teapots.json">
      <Filter>media\config</Filter>
    </None>
    <None Include="..\..\bin\media\config\bunny.json">
      <Filter>media\config</Filter>
    </None>
    <None Include="..\..\bin\media\models\bunny.mtl">
      <Filter>media\models</Filter>
    </None>
    <None Include="..\..\bin\media\models\cornellbox.mtl">
      <Filter>media\models</Filter>
    </None>
    <None Include="..\..\bin\media\models\CornellBox-Sphere.mtl">
      <Filter>media\models</Filter>
    </None>
    <None Include="..\..\bin\media\models\CornellBox-Water.mtl">
      <Filter>media\models</Filter>
    </None>
    <None Include="..\..\bin\media\models\cube.mtl">
      <Filter>media\models</Filter>
    </None>
    <None Include="..\..\bin\media\models\dragon.mtl">
      <Filter>media\models</Filter>
    </None>
    <None Include="..\..\bin\media\models\dragon_stand.mtl">
      <Filter>media\models</Filter>
    </None>
    <None Include="..\..\bin\media\models\glass_for_wine.mtl">
      <Filter>media\models</Filter>
    </None>
    <None Include="..\..\bin\media\models\importance-sampling.mtl">
      <Filter>media\models</Filter>
    </None>
    <None Include="..\..\bin\media\models\material-test.mtl">
      <Filter>media\models</Filter>
    </None>
    <None Include="..\..\bin\media\models\material-test-grid.mtl">
      <Filter>media\models</Filter>
    </None>
    <None Include="..\..\bin\media\models\mitsuba.mtl">
      <Filter>media\models</Filter>
    </None>
    <None Include="..\..\bin\media\models\shaderart.mtl">
      <Filter>media\models</Filter>
    </None>
    <None Include="..\..\bin\media\models\teapots.mtl">
      <Filter>media\models</Filter>
    </None>
    <None Include="..\..\bin\media\models\bunny.obj">
      <Filter>media\models</Filter>
    </None>
    <None Include="..\..\bin\media\models\cornellbox.obj">
      <Filter>media\models</Filter>
    </None>
    <None Include="..\..\bin\media\models\CornellBox-Sphere.obj">
      <Filter>media\models</Filter>
    </None>
    <None Include="..\..\bin\media\models\CornellBox-Water.obj">
      <Filter>media\models</Filter>
    </None>
    <None Include="..\..\bin\media\models\cube.obj">
      <Filter>media\models</Filter>
    </None>
    <None Include="..\..\bin\media\models\dragon.obj">
      <Filter>media\models</Filter>
    </None>
    <None Include="..\..\bin\media\models\dragon_stand.obj">
      <Filter>media\models</Filter>
    </None>
    <None Include="..\..\bin\media\models\glass_for_wine.obj">
      <Filter>media\models</Filter>
    </None>
    <None Include="..\..\bin\media\models\importance-sampling.obj">
      <Filter>media\models</Filter>
    </None>
    <None Include="..\..\bin\media\models\material-test.obj">
      <Filter>media\models</Filter>
    </None>
    <None Include="..\..\bin\media\models\material-test-grid.obj">
      <Filter>media\models</Filter>
    </None>
    <None Include="..\..\bin\media\models\mitsuba.obj">
      <Filter>media\models</Filter>
    </None>
    <None Include="..\..\bin\media\models\mitsuba-sphere.obj">
      <Filter>media\models</Filter>
    </None>
    <None Include="..\..\bin\media\models\shaderart.obj">
      <Filter>media\models</Filter>
    </None>
    <None Include="..\..\bin\media\models\teapots.obj">
      <Filter>media\models</Filter>
    </None>
  </ItemGroup>
</Project>